// !$*UTF8*$!
{
	archiveVersion = 1;
	classes = {
	};
	objectVersion = 50;
	objects = {

/* Begin PBXBuildFile section */
		4BCB5B4E238997BD002A9524 /* AppDelegate.swift in Sources */ = {isa = PBXBuildFile; fileRef = 4BCB5B4D238997BD002A9524 /* AppDelegate.swift */; };
		4BCB5B50238997BD002A9524 /* NewPinViewController.swift in Sources */ = {isa = PBXBuildFile; fileRef = 4BCB5B4F238997BD002A9524 /* NewPinViewController.swift */; };
		4BCB5B53238997BD002A9524 /* Main.storyboard in Resources */ = {isa = PBXBuildFile; fileRef = 4BCB5B51238997BD002A9524 /* Main.storyboard */; };
		4BCB5B55238997C0002A9524 /* Assets.xcassets in Resources */ = {isa = PBXBuildFile; fileRef = 4BCB5B54238997C0002A9524 /* Assets.xcassets */; };
		4BCB5B58238997C0002A9524 /* LaunchScreen.storyboard in Resources */ = {isa = PBXBuildFile; fileRef = 4BCB5B56238997C0002A9524 /* LaunchScreen.storyboard */; };
		4BD7E794238D259F00DBB409 /* StudentLocation.swift in Sources */ = {isa = PBXBuildFile; fileRef = 4BD7E793238D259F00DBB409 /* StudentLocation.swift */; };
		4BD7E799238EC34500DBB409 /* UdacityAPI.swift in Sources */ = {isa = PBXBuildFile; fileRef = 4BD7E798238EC34500DBB409 /* UdacityAPI.swift */; };
		4BD7E79B23926BEF00DBB409 /* UserInformation.swift in Sources */ = {isa = PBXBuildFile; fileRef = 4BD7E79A23926BEF00DBB409 /* UserInformation.swift */; };
		4BD7E79D23926C7400DBB409 /* StudentsLocations.swift in Sources */ = {isa = PBXBuildFile; fileRef = 4BD7E79C23926C7400DBB409 /* StudentsLocations.swift */; };
		4BD7E79F2395C59400DBB409 /* UIConfiguration.swift in Sources */ = {isa = PBXBuildFile; fileRef = 4BD7E79E2395C59400DBB409 /* UIConfiguration.swift */; };
		4BD7E7A12395E6A800DBB409 /* LoginViewController.swift in Sources */ = {isa = PBXBuildFile; fileRef = 4BD7E7A02395E6A800DBB409 /* LoginViewController.swift */; };
		4BD7E7A52396C6F500DBB409 /* MapViewController.swift in Sources */ = {isa = PBXBuildFile; fileRef = 4BD7E7A42396C6F500DBB409 /* MapViewController.swift */; };
		4BD7E7A72398914500DBB409 /* TableViewController.swift in Sources */ = {isa = PBXBuildFile; fileRef = 4BD7E7A62398914500DBB409 /* TableViewController.swift */; };
		4BD7E7AF2398A3B600DBB409 /* TableViewCell.swift in Sources */ = {isa = PBXBuildFile; fileRef = 4BD7E7AE2398A3B600DBB409 /* TableViewCell.swift */; };
		4BD7E7B12398DCB100DBB409 /* SubmitPinViewController.swift in Sources */ = {isa = PBXBuildFile; fileRef = 4BD7E7B02398DCB100DBB409 /* SubmitPinViewController.swift */; };
/* End PBXBuildFile section */

/* Begin PBXFileReference section */
		4BCB5B4A238997BD002A9524 /* OnTheMap.app */ = {isa = PBXFileReference; explicitFileType = wrapper.application; includeInIndex = 0; path = OnTheMap.app; sourceTree = BUILT_PRODUCTS_DIR; };
		4BCB5B4D238997BD002A9524 /* AppDelegate.swift */ = {isa = PBXFileReference; lastKnownFileType = sourcecode.swift; path = AppDelegate.swift; sourceTree = "<group>"; };
		4BCB5B4F238997BD002A9524 /* NewPinViewController.swift */ = {isa = PBXFileReference; lastKnownFileType = sourcecode.swift; path = NewPinViewController.swift; sourceTree = "<group>"; };
		4BCB5B52238997BD002A9524 /* Base */ = {isa = PBXFileReference; lastKnownFileType = file.storyboard; name = Base; path = Base.lproj/Main.storyboard; sourceTree = "<group>"; };
		4BCB5B54238997C0002A9524 /* Assets.xcassets */ = {isa = PBXFileReference; lastKnownFileType = folder.assetcatalog; path = Assets.xcassets; sourceTree = "<group>"; };
		4BCB5B57238997C0002A9524 /* Base */ = {isa = PBXFileReference; lastKnownFileType = file.storyboard; name = Base; path = Base.lproj/LaunchScreen.storyboard; sourceTree = "<group>"; };
		4BCB5B59238997C0002A9524 /* Info.plist */ = {isa = PBXFileReference; lastKnownFileType = text.plist.xml; path = Info.plist; sourceTree = "<group>"; };
		4BD7E793238D259F00DBB409 /* StudentLocation.swift */ = {isa = PBXFileReference; lastKnownFileType = sourcecode.swift; path = StudentLocation.swift; sourceTree = "<group>"; };
		4BD7E798238EC34500DBB409 /* UdacityAPI.swift */ = {isa = PBXFileReference; lastKnownFileType = sourcecode.swift; path = UdacityAPI.swift; sourceTree = "<group>"; };
		4BD7E79A23926BEF00DBB409 /* UserInformation.swift */ = {isa = PBXFileReference; lastKnownFileType = sourcecode.swift; path = UserInformation.swift; sourceTree = "<group>"; };
		4BD7E79C23926C7400DBB409 /* StudentsLocations.swift */ = {isa = PBXFileReference; lastKnownFileType = sourcecode.swift; path = StudentsLocations.swift; sourceTree = "<group>"; };
		4BD7E79E2395C59400DBB409 /* UIConfiguration.swift */ = {isa = PBXFileReference; lastKnownFileType = sourcecode.swift; path = UIConfiguration.swift; sourceTree = "<group>"; };
		4BD7E7A02395E6A800DBB409 /* LoginViewController.swift */ = {isa = PBXFileReference; lastKnownFileType = sourcecode.swift; path = LoginViewController.swift; sourceTree = "<group>"; };
		4BD7E7A42396C6F500DBB409 /* MapViewController.swift */ = {isa = PBXFileReference; lastKnownFileType = sourcecode.swift; path = MapViewController.swift; sourceTree = "<group>"; };
		4BD7E7A62398914500DBB409 /* TableViewController.swift */ = {isa = PBXFileReference; lastKnownFileType = sourcecode.swift; path = TableViewController.swift; sourceTree = "<group>"; };
		4BD7E7AE2398A3B600DBB409 /* TableViewCell.swift */ = {isa = PBXFileReference; lastKnownFileType = sourcecode.swift; path = TableViewCell.swift; sourceTree = "<group>"; };
		4BD7E7B02398DCB100DBB409 /* SubmitPinViewController.swift */ = {isa = PBXFileReference; lastKnownFileType = sourcecode.swift; path = SubmitPinViewController.swift; sourceTree = "<group>"; };
/* End PBXFileReference section */

/* Begin PBXFrameworksBuildPhase section */
		4BCB5B47238997BD002A9524 /* Frameworks */ = {
			isa = PBXFrameworksBuildPhase;
			buildActionMask = 2147483647;
			files = (
			);
			runOnlyForDeploymentPostprocessing = 0;
		};
/* End PBXFrameworksBuildPhase section */

/* Begin PBXGroup section */
		4BCB5B41238997BD002A9524 = {
			isa = PBXGroup;
			children = (
				4BCB5B4C238997BD002A9524 /* OnTheMap */,
				4BCB5B4B238997BD002A9524 /* Products */,
			);
			sourceTree = "<group>";
		};
		4BCB5B4B238997BD002A9524 /* Products */ = {
			isa = PBXGroup;
			children = (
				4BCB5B4A238997BD002A9524 /* OnTheMap.app */,
			);
			name = Products;
			sourceTree = "<group>";
		};
		4BCB5B4C238997BD002A9524 /* OnTheMap */ = {
			isa = PBXGroup;
			children = (
				4BD7E79E2395C59400DBB409 /* UIConfiguration.swift */,
				4BD7E795238D303200DBB409 /* OTMNetworking */,
				4BD7E76F238998E800DBB409 /* OTMControllers */,
				4BD7E76E2389989500DBB409 /* OTMViews */,
				4BD7E771238999AF00DBB409 /* OTMModels */,
				4BCB5B4D238997BD002A9524 /* AppDelegate.swift */,
				4BCB5B59238997C0002A9524 /* Info.plist */,
			);
			path = OnTheMap;
			sourceTree = "<group>";
		};
		4BD7E76E2389989500DBB409 /* OTMViews */ = {
			isa = PBXGroup;
			children = (
				4BD7E7AE2398A3B600DBB409 /* TableViewCell.swift */,
				4BCB5B51238997BD002A9524 /* Main.storyboard */,
				4BCB5B54238997C0002A9524 /* Assets.xcassets */,
				4BCB5B56238997C0002A9524 /* LaunchScreen.storyboard */,
			);
			path = OTMViews;
			sourceTree = "<group>";
		};
		4BD7E76F238998E800DBB409 /* OTMControllers */ = {
			isa = PBXGroup;
			children = (
				4BCB5B4F238997BD002A9524 /* NewPinViewController.swift */,
				4BD7E7B02398DCB100DBB409 /* SubmitPinViewController.swift */,
				4BD7E7A02395E6A800DBB409 /* LoginViewController.swift */,
				4BD7E7A42396C6F500DBB409 /* MapViewController.swift */,
				4BD7E7A62398914500DBB409 /* TableViewController.swift */,
			);
			path = OTMControllers;
			sourceTree = "<group>";
		};
		4BD7E771238999AF00DBB409 /* OTMModels */ = {
			isa = PBXGroup;
			children = (
				4BD7E793238D259F00DBB409 /* StudentLocation.swift */,
				4BD7E79A23926BEF00DBB409 /* UserInformation.swift */,
				4BD7E79C23926C7400DBB409 /* StudentsLocations.swift */,
			);
			path = OTMModels;
			sourceTree = "<group>";
		};
		4BD7E795238D303200DBB409 /* OTMNetworking */ = {
			isa = PBXGroup;
			children = (
				4BD7E798238EC34500DBB409 /* UdacityAPI.swift */,
			);
			path = OTMNetworking;
			sourceTree = "<group>";
		};
/* End PBXGroup section */

/* Begin PBXNativeTarget section */
		4BCB5B49238997BD002A9524 /* OnTheMap */ = {
			isa = PBXNativeTarget;
			buildConfigurationList = 4BCB5B5C238997C0002A9524 /* Build configuration list for PBXNativeTarget "OnTheMap" */;
			buildPhases = (
				4BCB5B46238997BD002A9524 /* Sources */,
				4BCB5B47238997BD002A9524 /* Frameworks */,
				4BCB5B48238997BD002A9524 /* Resources */,
			);
			buildRules = (
			);
			dependencies = (
			);
			name = OnTheMap;
			productName = "On The Map";
			productReference = 4BCB5B4A238997BD002A9524 /* OnTheMap.app */;
			productType = "com.apple.product-type.application";
		};
/* End PBXNativeTarget section */

/* Begin PBXProject section */
		4BCB5B42238997BD002A9524 /* Project object */ = {
			isa = PBXProject;
			attributes = {
				LastSwiftUpdateCheck = 1030;
				LastUpgradeCheck = 1030;
				ORGANIZATIONNAME = "Shroug Salem";
				TargetAttributes = {
					4BCB5B49238997BD002A9524 = {
						CreatedOnToolsVersion = 10.3;
					};
				};
			};
			buildConfigurationList = 4BCB5B45238997BD002A9524 /* Build configuration list for PBXProject "OnTheMap" */;
			compatibilityVersion = "Xcode 9.3";
			developmentRegion = en;
			hasScannedForEncodings = 0;
			knownRegions = (
				en,
				Base,
			);
			mainGroup = 4BCB5B41238997BD002A9524;
			productRefGroup = 4BCB5B4B238997BD002A9524 /* Products */;
			projectDirPath = "";
			projectRoot = "";
			targets = (
				4BCB5B49238997BD002A9524 /* OnTheMap */,
			);
		};
/* End PBXProject section */

/* Begin PBXResourcesBuildPhase section */
		4BCB5B48238997BD002A9524 /* Resources */ = {
			isa = PBXResourcesBuildPhase;
			buildActionMask = 2147483647;
			files = (
				4BCB5B58238997C0002A9524 /* LaunchScreen.storyboard in Resources */,
				4BCB5B55238997C0002A9524 /* Assets.xcassets in Resources */,
				4BCB5B53238997BD002A9524 /* Main.storyboard in Resources */,
			);
			runOnlyForDeploymentPostprocessing = 0;
		};
/* End PBXResourcesBuildPhase section */

/* Begin PBXSourcesBuildPhase section */
		4BCB5B46238997BD002A9524 /* Sources */ = {
			isa = PBXSourcesBuildPhase;
			buildActionMask = 2147483647;
			files = (
				4BD7E79B23926BEF00DBB409 /* UserInformation.swift in Sources */,
				4BD7E79F2395C59400DBB409 /* UIConfiguration.swift in Sources */,
				4BD7E7B12398DCB100DBB409 /* SubmitPinViewController.swift in Sources */,
				4BD7E799238EC34500DBB409 /* UdacityAPI.swift in Sources */,
				4BD7E7A72398914500DBB409 /* TableViewController.swift in Sources */,
				4BD7E794238D259F00DBB409 /* StudentLocation.swift in Sources */,
				4BD7E7A52396C6F500DBB409 /* MapViewController.swift in Sources */,
				4BD7E7AF2398A3B600DBB409 /* TableViewCell.swift in Sources */,
				4BD7E7A12395E6A800DBB409 /* LoginViewController.swift in Sources */,
				4BCB5B50238997BD002A9524 /* NewPinViewController.swift in Sources */,
				4BD7E79D23926C7400DBB409 /* StudentsLocations.swift in Sources */,
				4BCB5B4E238997BD002A9524 /* AppDelegate.swift in Sources */,
			);
			runOnlyForDeploymentPostprocessing = 0;
		};
/* End PBXSourcesBuildPhase section */

/* Begin PBXVariantGroup section */
		4BCB5B51238997BD002A9524 /* Main.storyboard */ = {
			isa = PBXVariantGroup;
			children = (
				4BCB5B52238997BD002A9524 /* Base */,
			);
			name = Main.storyboard;
			sourceTree = "<group>";
		};
		4BCB5B56238997C0002A9524 /* LaunchScreen.storyboard */ = {
			isa = PBXVariantGroup;
			children = (
				4BCB5B57238997C0002A9524 /* Base */,
			);
			name = LaunchScreen.storyboard;
			sourceTree = "<group>";
		};
/* End PBXVariantGroup section */

/* Begin XCBuildConfiguration section */
		4BCB5B5A238997C0002A9524 /* Debug */ = {
			isa = XCBuildConfiguration;
			buildSettings = {
				ALWAYS_SEARCH_USER_PATHS = NO;
				CLANG_ANALYZER_NONNULL = YES;
				CLANG_ANALYZER_NUMBER_OBJECT_CONVERSION = YES_AGGRESSIVE;
				CLANG_CXX_LANGUAGE_STANDARD = "gnu++14";
				CLANG_CXX_LIBRARY = "libc++";
				CLANG_ENABLE_MODULES = YES;
				CLANG_ENABLE_OBJC_ARC = YES;
				CLANG_ENABLE_OBJC_WEAK = YES;
				CLANG_WARN_BLOCK_CAPTURE_AUTORELEASING = YES;
				CLANG_WARN_BOOL_CONVERSION = YES;
				CLANG_WARN_COMMA = YES;
				CLANG_WARN_CONSTANT_CONVERSION = YES;
				CLANG_WARN_DEPRECATED_OBJC_IMPLEMENTATIONS = YES;
				CLANG_WARN_DIRECT_OBJC_ISA_USAGE = YES_ERROR;
				CLANG_WARN_DOCUMENTATION_COMMENTS = YES;
				CLANG_WARN_EMPTY_BODY = YES;
				CLANG_WARN_ENUM_CONVERSION = YES;
				CLANG_WARN_INFINITE_RECURSION = YES;
				CLANG_WARN_INT_CONVERSION = YES;
				CLANG_WARN_NON_LITERAL_NULL_CONVERSION = YES;
				CLANG_WARN_OBJC_IMPLICIT_RETAIN_SELF = YES;
				CLANG_WARN_OBJC_LITERAL_CONVERSION = YES;
				CLANG_WARN_OBJC_ROOT_CLASS = YES_ERROR;
				CLANG_WARN_RANGE_LOOP_ANALYSIS = YES;
				CLANG_WARN_STRICT_PROTOTYPES = YES;
				CLANG_WARN_SUSPICIOUS_MOVE = YES;
				CLANG_WARN_UNGUARDED_AVAILABILITY = YES_AGGRESSIVE;
				CLANG_WARN_UNREACHABLE_CODE = YES;
				CLANG_WARN__DUPLICATE_METHOD_MATCH = YES;
				CODE_SIGN_IDENTITY = "iPhone Developer";
				COPY_PHASE_STRIP = NO;
				DEBUG_INFORMATION_FORMAT = dwarf;
				ENABLE_STRICT_OBJC_MSGSEND = YES;
				ENABLE_TESTABILITY = YES;
				GCC_C_LANGUAGE_STANDARD = gnu11;
				GCC_DYNAMIC_NO_PIC = NO;
				GCC_NO_COMMON_BLOCKS = YES;
				GCC_OPTIMIZATION_LEVEL = 0;
				GCC_PREPROCESSOR_DEFINITIONS = (
					"DEBUG=1",
					"$(inherited)",
				);
				GCC_WARN_64_TO_32_BIT_CONVERSION = YES;
				GCC_WARN_ABOUT_RETURN_TYPE = YES_ERROR;
				GCC_WARN_UNDECLARED_SELECTOR = YES;
				GCC_WARN_UNINITIALIZED_AUTOS = YES_AGGRESSIVE;
				GCC_WARN_UNUSED_FUNCTION = YES;
				GCC_WARN_UNUSED_VARIABLE = YES;
				IPHONEOS_DEPLOYMENT_TARGET = 12.4;
				MTL_ENABLE_DEBUG_INFO = INCLUDE_SOURCE;
				MTL_FAST_MATH = YES;
				ONLY_ACTIVE_ARCH = YES;
				SDKROOT = iphoneos;
				SWIFT_ACTIVE_COMPILATION_CONDITIONS = DEBUG;
				SWIFT_OPTIMIZATION_LEVEL = "-Onone";
			};
			name = Debug;
		};
		4BCB5B5B238997C0002A9524 /* Release */ = {
			isa = XCBuildConfiguration;
			buildSettings = {
				ALWAYS_SEARCH_USER_PATHS = NO;
				CLANG_ANALYZER_NONNULL = YES;
				CLANG_ANALYZER_NUMBER_OBJECT_CONVERSION = YES_AGGRESSIVE;
				CLANG_CXX_LANGUAGE_STANDARD = "gnu++14";
				CLANG_CXX_LIBRARY = "libc++";
				CLANG_ENABLE_MODULES = YES;
				CLANG_ENABLE_OBJC_ARC = YES;
				CLANG_ENABLE_OBJC_WEAK = YES;
				CLANG_WARN_BLOCK_CAPTURE_AUTORELEASING = YES;
				CLANG_WARN_BOOL_CONVERSION = YES;
				CLANG_WARN_COMMA = YES;
				CLANG_WARN_CONSTANT_CONVERSION = YES;
				CLANG_WARN_DEPRECATED_OBJC_IMPLEMENTATIONS = YES;
				CLANG_WARN_DIRECT_OBJC_ISA_USAGE = YES_ERROR;
				CLANG_WARN_DOCUMENTATION_COMMENTS = YES;
				CLANG_WARN_EMPTY_BODY = YES;
				CLANG_WARN_ENUM_CONVERSION = YES;
				CLANG_WARN_INFINITE_RECURSION = YES;
				CLANG_WARN_INT_CONVERSION = YES;
				CLANG_WARN_NON_LITERAL_NULL_CONVERSION = YES;
				CLANG_WARN_OBJC_IMPLICIT_RETAIN_SELF = YES;
				CLANG_WARN_OBJC_LITERAL_CONVERSION = YES;
				CLANG_WARN_OBJC_ROOT_CLASS = YES_ERROR;
				CLANG_WARN_RANGE_LOOP_ANALYSIS = YES;
				CLANG_WARN_STRICT_PROTOTYPES = YES;
				CLANG_WARN_SUSPICIOUS_MOVE = YES;
				CLANG_WARN_UNGUARDED_AVAILABILITY = YES_AGGRESSIVE;
				CLANG_WARN_UNREACHABLE_CODE = YES;
				CLANG_WARN__DUPLICATE_METHOD_MATCH = YES;
				CODE_SIGN_IDENTITY = "iPhone Developer";
				COPY_PHASE_STRIP = NO;
				DEBUG_INFORMATION_FORMAT = "dwarf-with-dsym";
				ENABLE_NS_ASSERTIONS = NO;
				ENABLE_STRICT_OBJC_MSGSEND = YES;
				GCC_C_LANGUAGE_STANDARD = gnu11;
				GCC_NO_COMMON_BLOCKS = YES;
				GCC_WARN_64_TO_32_BIT_CONVERSION = YES;
				GCC_WARN_ABOUT_RETURN_TYPE = YES_ERROR;
				GCC_WARN_UNDECLARED_SELECTOR = YES;
				GCC_WARN_UNINITIALIZED_AUTOS = YES_AGGRESSIVE;
				GCC_WARN_UNUSED_FUNCTION = YES;
				GCC_WARN_UNUSED_VARIABLE = YES;
				IPHONEOS_DEPLOYMENT_TARGET = 12.4;
				MTL_ENABLE_DEBUG_INFO = NO;
				MTL_FAST_MATH = YES;
				SDKROOT = iphoneos;
				SWIFT_COMPILATION_MODE = wholemodule;
				SWIFT_OPTIMIZATION_LEVEL = "-O";
				VALIDATE_PRODUCT = YES;
			};
			name = Release;
		};
		4BCB5B5D238997C0002A9524 /* Debug */ = {
			isa = XCBuildConfiguration;
			buildSettings = {
				ASSETCATALOG_COMPILER_APPICON_NAME = AppIcon;
				CODE_SIGN_STYLE = Automatic;
				DEVELOPMENT_TEAM = "";
				INFOPLIST_FILE = "$(SRCROOT)/OnTheMap/Info.plist";
				LD_RUNPATH_SEARCH_PATHS = (
					"$(inherited)",
					"@executable_path/Frameworks",
				);
				PRODUCT_BUNDLE_IDENTIFIER = "com.Udacity.On-The-Map";
				PRODUCT_NAME = "$(TARGET_NAME)";
				SWIFT_VERSION = 5.0;
				TARGETED_DEVICE_FAMILY = "1,2";
			};
			name = Debug;
		};
		4BCB5B5E238997C0002A9524 /* Release */ = {
			isa = XCBuildConfiguration;
			buildSettings = {
				ASSETCATALOG_COMPILER_APPICON_NAME = AppIcon;
				CODE_SIGN_STYLE = Automatic;
				DEVELOPMENT_TEAM = "";
				INFOPLIST_FILE = "$(SRCROOT)/OnTheMap/Info.plist";
				LD_RUNPATH_SEARCH_PATHS = (
					"$(inherited)",
					"@executable_path/Frameworks",
				);
				PRODUCT_BUNDLE_IDENTIFIER = "com.Udacity.On-The-Map";
				PRODUCT_NAME = "$(TARGET_NAME)";
				SWIFT_VERSION = 5.0;
				TARGETED_DEVICE_FAMILY = "1,2";
			};
			name = Release;
		};
/* End XCBuildConfiguration section */

/* Begin XCConfigurationList section */
		4BCB5B45238997BD002A9524 /* Build configuration list for PBXProject "OnTheMap" */ = {
			isa = XCConfigurationList;
			buildConfigurations = (
				4BCB5B5A238997C0002A9524 /* Debug */,
				4BCB5B5B238997C0002A9524 /* Release */,
			);
			defaultConfigurationIsVisible = 0;
			defaultConfigurationName = Release;
		};
		4BCB5B5C238997C0002A9524 /* Build configuration list for PBXNativeTarget "OnTheMap" */ = {
			isa = XCConfigurationList;
			buildConfigurations = (
				4BCB5B5D238997C0002A9524 /* Debug */,
				4BCB5B5E238997C0002A9524 /* Release */,
			);
			defaultConfigurationIsVisible = 0;
			defaultConfigurationName = Release;
		};
/* End XCConfigurationList section */
	};
	rootObject = 4BCB5B42238997BD002A9524 /* Project object */;
}
